
Microsoft Visual Studio Solution File, Format Version 12.00
Project("{2150E333-8FDC-42A3-9474-1A3956D46DE8}") = "docker-compose", "docker-compose", "{4411595A-5A93-47F8-8164-AD21F794353E}"
	ProjectSection(SolutionItems) = preProject
		Dockerfile = Dockerfile
		.dockerignore = .dockerignore
		docker-compose.app.yml = docker-compose.app.yml
		docker-compose.infrastructure.yml = docker-compose.infrastructure.yml
	EndProjectSection
EndProject
Project("{FAE04EC0-301F-11D3-BF4B-00C04F79EFBC}") = "DY.Auth.Identity.Api.UnitTests", "tests\DY.Auth.Identity.Api.UnitTests\DY.Auth.Identity.Api.UnitTests.csproj", "{3504A9E3-C8CC-4C62-B8BF-11F30D7CDE3B}"
EndProject
Project("{2150E333-8FDC-42A3-9474-1A3956D46DE8}") = "tests", "tests", "{234FB9EC-F9A4-43E6-A3B8-65E0E4404132}"
EndProject
Project("{2150E333-8FDC-42A3-9474-1A3956D46DE8}") = "src", "src", "{CC023A65-900E-4125-B0B4-6DF12B764B6C}"
EndProject
Project("{FAE04EC0-301F-11D3-BF4B-00C04F79EFBC}") = "DY.Auth.Identity.Api", "src\DY.Auth.Identity.Api\DY.Auth.Identity.Api.csproj", "{3FDC2111-631B-47A5-87A1-1B5C253A7CE8}"
EndProject
Project("{2150E333-8FDC-42A3-9474-1A3956D46DE8}") = "scripts", "scripts", "{36E5C394-D9FB-4E12-AD70-54188D36CF2B}"
	ProjectSection(SolutionItems) = preProject
		scripts\CreateMigration.sh = scripts\CreateMigration.sh
	EndProjectSection
EndProject
Project("{2150E333-8FDC-42A3-9474-1A3956D46DE8}") = "solution-items", "solution-items", "{ACFB7263-6C4F-4091-83D1-B18CFE88B204}"
	ProjectSection(SolutionItems) = preProject
		.editorconfig = .editorconfig
		README.md = README.md
		.gitignore = .gitignore
		Directory.Build.props = Directory.Build.props
		Directory.Build.targets = Directory.Build.targets
	EndProjectSection
EndProject
Global
	GlobalSection(SolutionConfigurationPlatforms) = preSolution
		Debug|Any CPU = Debug|Any CPU
		Release|Any CPU = Release|Any CPU
	EndGlobalSection
	GlobalSection(ProjectConfigurationPlatforms) = postSolution
		{3504A9E3-C8CC-4C62-B8BF-11F30D7CDE3B}.Debug|Any CPU.ActiveCfg = Debug|Any CPU
		{3504A9E3-C8CC-4C62-B8BF-11F30D7CDE3B}.Debug|Any CPU.Build.0 = Debug|Any CPU
		{3504A9E3-C8CC-4C62-B8BF-11F30D7CDE3B}.Release|Any CPU.ActiveCfg = Release|Any CPU
		{3504A9E3-C8CC-4C62-B8BF-11F30D7CDE3B}.Release|Any CPU.Build.0 = Release|Any CPU
		{3FDC2111-631B-47A5-87A1-1B5C253A7CE8}.Debug|Any CPU.ActiveCfg = Debug|Any CPU
		{3FDC2111-631B-47A5-87A1-1B5C253A7CE8}.Debug|Any CPU.Build.0 = Debug|Any CPU
		{3FDC2111-631B-47A5-87A1-1B5C253A7CE8}.Release|Any CPU.ActiveCfg = Release|Any CPU
		{3FDC2111-631B-47A5-87A1-1B5C253A7CE8}.Release|Any CPU.Build.0 = Release|Any CPU
	EndGlobalSection
	GlobalSection(NestedProjects) = preSolution
		{3504A9E3-C8CC-4C62-B8BF-11F30D7CDE3B} = {234FB9EC-F9A4-43E6-A3B8-65E0E4404132}
		{3FDC2111-631B-47A5-87A1-1B5C253A7CE8} = {CC023A65-900E-4125-B0B4-6DF12B764B6C}
	EndGlobalSection
EndGlobal
